
Microsoft Visual Studio Solution File, Format Version 12.00
# Visual Studio 14
VisualStudioVersion = 14.0.25420.1
MinimumVisualStudioVersion = 10.0.40219.1
Project("{FAE04EC0-301F-11D3-BF4B-00C04F79EFBC}") = "VideoStore.UI", "VideoStore.UI\VideoStore.UI.csproj", "{E5747551-F8B3-43FE-A32E-B3B92CD05C2A}"
EndProject
Project("{FAE04EC0-301F-11D3-BF4B-00C04F79EFBC}") = "VideoStore.BL", "VideoStore.BL\VideoStore.BL.csproj", "{4CEEA833-1C8C-42C0-9AA5-149AD502EA8F}"
EndProject
Project("{FAE04EC0-301F-11D3-BF4B-00C04F79EFBC}") = "VideoStore.Test", "VideoStore.Test\VideoStore.Test.csproj", "{9B3326CF-D2BB-4203-AD9C-5B12B7892EE9}"
EndProject
Global
	GlobalSection(SolutionConfigurationPlatforms) = preSolution
		Debug|Any CPU = Debug|Any CPU
		Release|Any CPU = Release|Any CPU
	EndGlobalSection
	GlobalSection(ProjectConfigurationPlatforms) = postSolution
		{E5747551-F8B3-43FE-A32E-B3B92CD05C2A}.Debug|Any CPU.ActiveCfg = Debug|Any CPU
		{E5747551-F8B3-43FE-A32E-B3B92CD05C2A}.Debug|Any CPU.Build.0 = Debug|Any CPU
		{E5747551-F8B3-43FE-A32E-B3B92CD05C2A}.Release|Any CPU.ActiveCfg = Release|Any CPU
		{E5747551-F8B3-43FE-A32E-B3B92CD05C2A}.Release|Any CPU.Build.0 = Release|Any CPU
		{4CEEA833-1C8C-42C0-9AA5-149AD502EA8F}.Debug|Any CPU.ActiveCfg = Debug|Any CPU
		{4CEEA833-1C8C-42C0-9AA5-149AD502EA8F}.Debug|Any CPU.Build.0 = Debug|Any CPU
		{4CEEA833-1C8C-42C0-9AA5-149AD502EA8F}.Release|Any CPU.ActiveCfg = Release|Any CPU
		{4CEEA833-1C8C-42C0-9AA5-149AD502EA8F}.Release|Any CPU.Build.0 = Release|Any CPU
		{9B3326CF-D2BB-4203-AD9C-5B12B7892EE9}.Debug|Any CPU.ActiveCfg = Debug|Any CPU
		{9B3326CF-D2BB-4203-AD9C-5B12B7892EE9}.Debug|Any CPU.Build.0 = Debug|Any CPU
		{9B3326CF-D2BB-4203-AD9C-5B12B7892EE9}.Release|Any CPU.ActiveCfg = Release|Any CPU
		{9B3326CF-D2BB-4203-AD9C-5B12B7892EE9}.Release|Any CPU.Build.0 = Release|Any CPU
	EndGlobalSection
	GlobalSection(SolutionProperties) = preSolution
		HideSolutionNode = FALSE
	EndGlobalSection
EndGlobal
